
Microsoft Visual Studio Solution File, Format Version 12.00
# Visual Studio Version 16
VisualStudioVersion = 16.0.31019.35
MinimumVisualStudioVersion = 10.0.40219.1
Project("{8BC9CEB8-8B4A-11D0-8D11-00A0C91BC942}") = "c++课后习题", "c++课后习题.vcxproj", "{FC9AAE17-E192-4842-863D-D731813A9FC0}"
EndProject
Project("{8BC9CEB8-8B4A-11D0-8D11-00A0C91BC942}") = "3.7 计算两点之间的距离", "3.7 计算两点之间的距离\3.7 计算两点之间的距离.vcxproj", "{064C2CCF-1B3B-4EE2-8921-90215F871724}"
EndProject
Project("{8BC9CEB8-8B4A-11D0-8D11-00A0C91BC942}") = "3.8 位数和", "3.8 位数和\3.8 位数和.vcxproj", "{323B38C6-78F9-445F-B234-A5D5E9CCFFE8}"
EndProject
Project("{8BC9CEB8-8B4A-11D0-8D11-00A0C91BC942}") = "4.11 99乘法表", "4.11 99乘法表\4.11 99乘法表.vcxproj", "{9853A62C-B9F7-4EE4-8002-1C77431E35C4}"
EndProject
Project("{8BC9CEB8-8B4A-11D0-8D11-00A0C91BC942}") = "4.12 整换0问题", "4.12 整换0问题\4.12 整换0问题.vcxproj", "{BD78DB01-9182-47CE-8D2B-A7AFBBA71E94}"
EndProject
Project("{8BC9CEB8-8B4A-11D0-8D11-00A0C91BC942}") = "4.14 求序列和", "4.13 求序列和\4.13 求序列和.vcxproj", "{98B8A359-F0D0-4441-AD4E-177AD94E5F7C}"
EndProject
Project("{8BC9CEB8-8B4A-11D0-8D11-00A0C91BC942}") = "4.13 求阶乘", "4.13 求阶乘\4.13 求阶乘.vcxproj", "{AB59D438-8F62-48C0-A559-CCC98254B31A}"
EndProject
Project("{8BC9CEB8-8B4A-11D0-8D11-00A0C91BC942}") = "4.15 牛顿迭代法 平方根", "4.15 牛顿迭代法 平方根\4.15 牛顿迭代法 平方根.vcxproj", "{5ADD58F9-251B-44FA-8B3A-D24147D3DA7B}"
EndProject
Project("{8BC9CEB8-8B4A-11D0-8D11-00A0C91BC942}") = "4.16 随机整数 位数和", "4.16 随机整数 位数和\4.16 随机整数 位数和.vcxproj", "{BCF2A8F4-0753-45FC-ACA7-0A06EEF331B3}"
EndProject
Project("{8BC9CEB8-8B4A-11D0-8D11-00A0C91BC942}") = "5.8 编写函数计算级数", "5.8 编写函数计算级数\5.8 编写函数计算级数.vcxproj", "{8E03E914-671A-4ACF-B4F3-B280548D2BED}"
EndProject
Project("{8BC9CEB8-8B4A-11D0-8D11-00A0C91BC942}") = "5.6 上机实验", "5.6 上机实验\5.6 上机实验.vcxproj", "{A5DF6653-DCA9-49FF-8BCB-64E3A6AFD14F}"
EndProject
Project("{8BC9CEB8-8B4A-11D0-8D11-00A0C91BC942}") = "5.9 5-6的非递归实现", "5.9 5-6的非递归实现\5.9 5-6的非递归实现.vcxproj", "{DAD413C3-459E-4CB0-B1F7-097EDA8F2196}"
EndProject
Project("{8BC9CEB8-8B4A-11D0-8D11-00A0C91BC942}") = "5.7 上机验证", "5.7 上机验证\5.7 上机验证.vcxproj", "{D6BC9198-4C5A-40F8-B31F-802BBAAABF0F}"
EndProject
Project("{8BC9CEB8-8B4A-11D0-8D11-00A0C91BC942}") = "7-11 数组扩大", "7-11 数组扩大\7-11 数组扩大.vcxproj", "{2FCFA8B2-EB22-4CB5-9B00-A9CEA086D2D4}"
EndProject
Project("{8BC9CEB8-8B4A-11D0-8D11-00A0C91BC942}") = "7-12 统计字符串个数", "7-12 统计字符串个数\7-12 统计字符串个数.vcxproj", "{1DD08E08-D1D3-4268-A16E-5DFC67F47FFA}"
EndProject
Project("{8BC9CEB8-8B4A-11D0-8D11-00A0C91BC942}") = "7-13  改写7-12", "7-13  改写7-12\7-13  改写7-12.vcxproj", "{323363D9-0C9F-47A5-95DD-264120962B99}"
EndProject
Project("{8BC9CEB8-8B4A-11D0-8D11-00A0C91BC942}") = "7-14 显示星期几", "7-14 显示星期几\7-14 显示星期几.vcxproj", "{9D957C82-FF65-4AC3-B234-DE012E3FD93E}"
EndProject
Project("{8BC9CEB8-8B4A-11D0-8D11-00A0C91BC942}") = "7-15 字符复制", "7-15 字符复制\7-15 字符复制.vcxproj", "{463FBF9F-5EB4-4673-82FF-D21B2CD34255}"
EndProject
Project("{8BC9CEB8-8B4A-11D0-8D11-00A0C91BC942}") = "7-16 排序逆序", "7-16 排序逆序\7-16 排序逆序.vcxproj", "{3273F6EA-1163-4880-9241-70BCC8F94080}"
EndProject
Project("{8BC9CEB8-8B4A-11D0-8D11-00A0C91BC942}") = "7-17 矩阵乘法", "7-17 矩阵乘法\7-17 矩阵乘法.vcxproj", "{8DE9D9EF-2677-41BE-B6A8-FE8EFD6CE059}"
EndProject
Project("{8BC9CEB8-8B4A-11D0-8D11-00A0C91BC942}") = "4-15 迭代法求根", "Project1\Project1.vcxproj", "{EA99AC59-9FFC-483D-B0E1-0C4EC7820205}"
EndProject
Project("{8BC9CEB8-8B4A-11D0-8D11-00A0C91BC942}") = "6-12 矩阵相加", "6-12 矩阵相加\6-12 矩阵相加.vcxproj", "{EB89F9EE-3D91-467F-8301-BFE650963FEB}"
EndProject
Project("{8BC9CEB8-8B4A-11D0-8D11-00A0C91BC942}") = "Project2", "Project2\Project2.vcxproj", "{BC6AF53E-46A6-418E-A3FB-B0C6FFDFC768}"
EndProject
Project("{8BC9CEB8-8B4A-11D0-8D11-00A0C91BC942}") = "6-13 打乱二维数组的元素位置", "6-13 打乱二维数组的元素位置\6-13 打乱二维数组的元素位置.vcxproj", "{DE1C041F-7CD2-4C7A-B79B-CAD1B4440D94}"
EndProject
Project("{8BC9CEB8-8B4A-11D0-8D11-00A0C91BC942}") = "8-16 链表", "8-16 链表\8-16 链表.vcxproj", "{1DFDE8A9-3FEF-4D49-96F4-438E6CDF7DAE}"
EndProject
Project("{8BC9CEB8-8B4A-11D0-8D11-00A0C91BC942}") = "10-3 regtangle", "10-\10-.vcxproj", "{143D4A69-8DE4-455D-8B7D-EB42F58CCEE7}"
EndProject
Global
	GlobalSection(SolutionConfigurationPlatforms) = preSolution
		Debug|x64 = Debug|x64
		Debug|x86 = Debug|x86
		Release|x64 = Release|x64
		Release|x86 = Release|x86
	EndGlobalSection
	GlobalSection(ProjectConfigurationPlatforms) = postSolution
		{FC9AAE17-E192-4842-863D-D731813A9FC0}.Debug|x64.ActiveCfg = Debug|x64
		{FC9AAE17-E192-4842-863D-D731813A9FC0}.Debug|x64.Build.0 = Debug|x64
		{FC9AAE17-E192-4842-863D-D731813A9FC0}.Debug|x86.ActiveCfg = Debug|Win32
		{FC9AAE17-E192-4842-863D-D731813A9FC0}.Debug|x86.Build.0 = Debug|Win32
		{FC9AAE17-E192-4842-863D-D731813A9FC0}.Release|x64.ActiveCfg = Release|x64
		{FC9AAE17-E192-4842-863D-D731813A9FC0}.Release|x64.Build.0 = Release|x64
		{FC9AAE17-E192-4842-863D-D731813A9FC0}.Release|x86.ActiveCfg = Release|Win32
		{FC9AAE17-E192-4842-863D-D731813A9FC0}.Release|x86.Build.0 = Release|Win32
		{064C2CCF-1B3B-4EE2-8921-90215F871724}.Debug|x64.ActiveCfg = Debug|x64
		{064C2CCF-1B3B-4EE2-8921-90215F871724}.Debug|x64.Build.0 = Debug|x64
		{064C2CCF-1B3B-4EE2-8921-90215F871724}.Debug|x86.ActiveCfg = Debug|Win32
		{064C2CCF-1B3B-4EE2-8921-90215F871724}.Debug|x86.Build.0 = Debug|Win32
		{064C2CCF-1B3B-4EE2-8921-90215F871724}.Release|x64.ActiveCfg = Release|x64
		{064C2CCF-1B3B-4EE2-8921-90215F871724}.Release|x64.Build.0 = Release|x64
		{064C2CCF-1B3B-4EE2-8921-90215F871724}.Release|x86.ActiveCfg = Release|Win32
		{064C2CCF-1B3B-4EE2-8921-90215F871724}.Release|x86.Build.0 = Release|Win32
		{323B38C6-78F9-445F-B234-A5D5E9CCFFE8}.Debug|x64.ActiveCfg = Debug|x64
		{323B38C6-78F9-445F-B234-A5D5E9CCFFE8}.Debug|x64.Build.0 = Debug|x64
		{323B38C6-78F9-445F-B234-A5D5E9CCFFE8}.Debug|x86.ActiveCfg = Debug|Win32
		{323B38C6-78F9-445F-B234-A5D5E9CCFFE8}.Debug|x86.Build.0 = Debug|Win32
		{323B38C6-78F9-445F-B234-A5D5E9CCFFE8}.Release|x64.ActiveCfg = Release|x64
		{323B38C6-78F9-445F-B234-A5D5E9CCFFE8}.Release|x64.Build.0 = Release|x64
		{323B38C6-78F9-445F-B234-A5D5E9CCFFE8}.Release|x86.ActiveCfg = Release|Win32
		{323B38C6-78F9-445F-B234-A5D5E9CCFFE8}.Release|x86.Build.0 = Release|Win32
		{9853A62C-B9F7-4EE4-8002-1C77431E35C4}.Debug|x64.ActiveCfg = Debug|x64
		{9853A62C-B9F7-4EE4-8002-1C77431E35C4}.Debug|x64.Build.0 = Debug|x64
		{9853A62C-B9F7-4EE4-8002-1C77431E35C4}.Debug|x86.ActiveCfg = Debug|Win32
		{9853A62C-B9F7-4EE4-8002-1C77431E35C4}.Debug|x86.Build.0 = Debug|Win32
		{9853A62C-B9F7-4EE4-8002-1C77431E35C4}.Release|x64.ActiveCfg = Release|x64
		{9853A62C-B9F7-4EE4-8002-1C77431E35C4}.Release|x64.Build.0 = Release|x64
		{9853A62C-B9F7-4EE4-8002-1C77431E35C4}.Release|x86.ActiveCfg = Release|Win32
		{9853A62C-B9F7-4EE4-8002-1C77431E35C4}.Release|x86.Build.0 = Release|Win32
		{BD78DB01-9182-47CE-8D2B-A7AFBBA71E94}.Debug|x64.ActiveCfg = Debug|x64
		{BD78DB01-9182-47CE-8D2B-A7AFBBA71E94}.Debug|x64.Build.0 = Debug|x64
		{BD78DB01-9182-47CE-8D2B-A7AFBBA71E94}.Debug|x86.ActiveCfg = Debug|Win32
		{BD78DB01-9182-47CE-8D2B-A7AFBBA71E94}.Debug|x86.Build.0 = Debug|Win32
		{BD78DB01-9182-47CE-8D2B-A7AFBBA71E94}.Release|x64.ActiveCfg = Release|x64
		{BD78DB01-9182-47CE-8D2B-A7AFBBA71E94}.Release|x64.Build.0 = Release|x64
		{BD78DB01-9182-47CE-8D2B-A7AFBBA71E94}.Release|x86.ActiveCfg = Release|Win32
		{BD78DB01-9182-47CE-8D2B-A7AFBBA71E94}.Release|x86.Build.0 = Release|Win32
		{98B8A359-F0D0-4441-AD4E-177AD94E5F7C}.Debug|x64.ActiveCfg = Debug|x64
		{98B8A359-F0D0-4441-AD4E-177AD94E5F7C}.Debug|x64.Build.0 = Debug|x64
		{98B8A359-F0D0-4441-AD4E-177AD94E5F7C}.Debug|x86.ActiveCfg = Debug|Win32
		{98B8A359-F0D0-4441-AD4E-177AD94E5F7C}.Debug|x86.Build.0 = Debug|Win32
		{98B8A359-F0D0-4441-AD4E-177AD94E5F7C}.Release|x64.ActiveCfg = Release|x64
		{98B8A359-F0D0-4441-AD4E-177AD94E5F7C}.Release|x64.Build.0 = Release|x64
		{98B8A359-F0D0-4441-AD4E-177AD94E5F7C}.Release|x86.ActiveCfg = Release|Win32
		{98B8A359-F0D0-4441-AD4E-177AD94E5F7C}.Release|x86.Build.0 = Release|Win32
		{AB59D438-8F62-48C0-A559-CCC98254B31A}.Debug|x64.ActiveCfg = Debug|x64
		{AB59D438-8F62-48C0-A559-CCC98254B31A}.Debug|x64.Build.0 = Debug|x64
		{AB59D438-8F62-48C0-A559-CCC98254B31A}.Debug|x86.ActiveCfg = Debug|Win32
		{AB59D438-8F62-48C0-A559-CCC98254B31A}.Debug|x86.Build.0 = Debug|Win32
		{AB59D438-8F62-48C0-A559-CCC98254B31A}.Release|x64.ActiveCfg = Release|x64
		{AB59D438-8F62-48C0-A559-CCC98254B31A}.Release|x64.Build.0 = Release|x64
		{AB59D438-8F62-48C0-A559-CCC98254B31A}.Release|x86.ActiveCfg = Release|Win32
		{AB59D438-8F62-48C0-A559-CCC98254B31A}.Release|x86.Build.0 = Release|Win32
		{5ADD58F9-251B-44FA-8B3A-D24147D3DA7B}.Debug|x64.ActiveCfg = Debug|x64
		{5ADD58F9-251B-44FA-8B3A-D24147D3DA7B}.Debug|x64.Build.0 = Debug|x64
		{5ADD58F9-251B-44FA-8B3A-D24147D3DA7B}.Debug|x86.ActiveCfg = Debug|Win32
		{5ADD58F9-251B-44FA-8B3A-D24147D3DA7B}.Debug|x86.Build.0 = Debug|Win32
		{5ADD58F9-251B-44FA-8B3A-D24147D3DA7B}.Release|x64.ActiveCfg = Release|x64
		{5ADD58F9-251B-44FA-8B3A-D24147D3DA7B}.Release|x64.Build.0 = Release|x64
		{5ADD58F9-251B-44FA-8B3A-D24147D3DA7B}.Release|x86.ActiveCfg = Release|Win32
		{5ADD58F9-251B-44FA-8B3A-D24147D3DA7B}.Release|x86.Build.0 = Release|Win32
		{BCF2A8F4-0753-45FC-ACA7-0A06EEF331B3}.Debug|x64.ActiveCfg = Debug|x64
		{BCF2A8F4-0753-45FC-ACA7-0A06EEF331B3}.Debug|x64.Build.0 = Debug|x64
		{BCF2A8F4-0753-45FC-ACA7-0A06EEF331B3}.Debug|x86.ActiveCfg = Debug|Win32
		{BCF2A8F4-0753-45FC-ACA7-0A06EEF331B3}.Debug|x86.Build.0 = Debug|Win32
		{BCF2A8F4-0753-45FC-ACA7-0A06EEF331B3}.Release|x64.ActiveCfg = Release|x64
		{BCF2A8F4-0753-45FC-ACA7-0A06EEF331B3}.Release|x64.Build.0 = Release|x64
		{BCF2A8F4-0753-45FC-ACA7-0A06EEF331B3}.Release|x86.ActiveCfg = Release|Win32
		{BCF2A8F4-0753-45FC-ACA7-0A06EEF331B3}.Release|x86.Build.0 = Release|Win32
		{8E03E914-671A-4ACF-B4F3-B280548D2BED}.Debug|x64.ActiveCfg = Debug|x64
		{8E03E914-671A-4ACF-B4F3-B280548D2BED}.Debug|x64.Build.0 = Debug|x64
		{8E03E914-671A-4ACF-B4F3-B280548D2BED}.Debug|x86.ActiveCfg = Debug|Win32
		{8E03E914-671A-4ACF-B4F3-B280548D2BED}.Debug|x86.Build.0 = Debug|Win32
		{8E03E914-671A-4ACF-B4F3-B280548D2BED}.Release|x64.ActiveCfg = Release|x64
		{8E03E914-671A-4ACF-B4F3-B280548D2BED}.Release|x64.Build.0 = Release|x64
		{8E03E914-671A-4ACF-B4F3-B280548D2BED}.Release|x86.ActiveCfg = Release|Win32
		{8E03E914-671A-4ACF-B4F3-B280548D2BED}.Release|x86.Build.0 = Release|Win32
		{A5DF6653-DCA9-49FF-8BCB-64E3A6AFD14F}.Debug|x64.ActiveCfg = Debug|x64
		{A5DF6653-DCA9-49FF-8BCB-64E3A6AFD14F}.Debug|x64.Build.0 = Debug|x64
		{A5DF6653-DCA9-49FF-8BCB-64E3A6AFD14F}.Debug|x86.ActiveCfg = Debug|Win32
		{A5DF6653-DCA9-49FF-8BCB-64E3A6AFD14F}.Debug|x86.Build.0 = Debug|Win32
		{A5DF6653-DCA9-49FF-8BCB-64E3A6AFD14F}.Release|x64.ActiveCfg = Release|x64
		{A5DF6653-DCA9-49FF-8BCB-64E3A6AFD14F}.Release|x64.Build.0 = Release|x64
		{A5DF6653-DCA9-49FF-8BCB-64E3A6AFD14F}.Release|x86.ActiveCfg = Release|Win32
		{A5DF6653-DCA9-49FF-8BCB-64E3A6AFD14F}.Release|x86.Build.0 = Release|Win32
		{DAD413C3-459E-4CB0-B1F7-097EDA8F2196}.Debug|x64.ActiveCfg = Debug|x64
		{DAD413C3-459E-4CB0-B1F7-097EDA8F2196}.Debug|x64.Build.0 = Debug|x64
		{DAD413C3-459E-4CB0-B1F7-097EDA8F2196}.Debug|x86.ActiveCfg = Debug|Win32
		{DAD413C3-459E-4CB0-B1F7-097EDA8F2196}.Debug|x86.Build.0 = Debug|Win32
		{DAD413C3-459E-4CB0-B1F7-097EDA8F2196}.Release|x64.ActiveCfg = Release|x64
		{DAD413C3-459E-4CB0-B1F7-097EDA8F2196}.Release|x64.Build.0 = Release|x64
		{DAD413C3-459E-4CB0-B1F7-097EDA8F2196}.Release|x86.ActiveCfg = Release|Win32
		{DAD413C3-459E-4CB0-B1F7-097EDA8F2196}.Release|x86.Build.0 = Release|Win32
		{D6BC9198-4C5A-40F8-B31F-802BBAAABF0F}.Debug|x64.ActiveCfg = Debug|x64
		{D6BC9198-4C5A-40F8-B31F-802BBAAABF0F}.Debug|x64.Build.0 = Debug|x64
		{D6BC9198-4C5A-40F8-B31F-802BBAAABF0F}.Debug|x86.ActiveCfg = Debug|Win32
		{D6BC9198-4C5A-40F8-B31F-802BBAAABF0F}.Debug|x86.Build.0 = Debug|Win32
		{D6BC9198-4C5A-40F8-B31F-802BBAAABF0F}.Release|x64.ActiveCfg = Release|x64
		{D6BC9198-4C5A-40F8-B31F-802BBAAABF0F}.Release|x64.Build.0 = Release|x64
		{D6BC9198-4C5A-40F8-B31F-802BBAAABF0F}.Release|x86.ActiveCfg = Release|Win32
		{D6BC9198-4C5A-40F8-B31F-802BBAAABF0F}.Release|x86.Build.0 = Release|Win32
		{2FCFA8B2-EB22-4CB5-9B00-A9CEA086D2D4}.Debug|x64.ActiveCfg = Debug|x64
		{2FCFA8B2-EB22-4CB5-9B00-A9CEA086D2D4}.Debug|x64.Build.0 = Debug|x64
		{2FCFA8B2-EB22-4CB5-9B00-A9CEA086D2D4}.Debug|x86.ActiveCfg = Debug|Win32
		{2FCFA8B2-EB22-4CB5-9B00-A9CEA086D2D4}.Debug|x86.Build.0 = Debug|Win32
		{2FCFA8B2-EB22-4CB5-9B00-A9CEA086D2D4}.Release|x64.ActiveCfg = Release|x64
		{2FCFA8B2-EB22-4CB5-9B00-A9CEA086D2D4}.Release|x64.Build.0 = Release|x64
		{2FCFA8B2-EB22-4CB5-9B00-A9CEA086D2D4}.Release|x86.ActiveCfg = Release|Win32
		{2FCFA8B2-EB22-4CB5-9B00-A9CEA086D2D4}.Release|x86.Build.0 = Release|Win32
		{1DD08E08-D1D3-4268-A16E-5DFC67F47FFA}.Debug|x64.ActiveCfg = Debug|x64
		{1DD08E08-D1D3-4268-A16E-5DFC67F47FFA}.Debug|x64.Build.0 = Debug|x64
		{1DD08E08-D1D3-4268-A16E-5DFC67F47FFA}.Debug|x86.ActiveCfg = Debug|Win32
		{1DD08E08-D1D3-4268-A16E-5DFC67F47FFA}.Debug|x86.Build.0 = Debug|Win32
		{1DD08E08-D1D3-4268-A16E-5DFC67F47FFA}.Release|x64.ActiveCfg = Release|x64
		{1DD08E08-D1D3-4268-A16E-5DFC67F47FFA}.Release|x64.Build.0 = Release|x64
		{1DD08E08-D1D3-4268-A16E-5DFC67F47FFA}.Release|x86.ActiveCfg = Release|Win32
		{1DD08E08-D1D3-4268-A16E-5DFC67F47FFA}.Release|x86.Build.0 = Release|Win32
		{323363D9-0C9F-47A5-95DD-264120962B99}.Debug|x64.ActiveCfg = Debug|x64
		{323363D9-0C9F-47A5-95DD-264120962B99}.Debug|x64.Build.0 = Debug|x64
		{323363D9-0C9F-47A5-95DD-264120962B99}.Debug|x86.ActiveCfg = Debug|Win32
		{323363D9-0C9F-47A5-95DD-264120962B99}.Debug|x86.Build.0 = Debug|Win32
		{323363D9-0C9F-47A5-95DD-264120962B99}.Release|x64.ActiveCfg = Release|x64
		{323363D9-0C9F-47A5-95DD-264120962B99}.Release|x64.Build.0 = Release|x64
		{323363D9-0C9F-47A5-95DD-264120962B99}.Release|x86.ActiveCfg = Release|Win32
		{323363D9-0C9F-47A5-95DD-264120962B99}.Release|x86.Build.0 = Release|Win32
		{9D957C82-FF65-4AC3-B234-DE012E3FD93E}.Debug|x64.ActiveCfg = Debug|x64
		{9D957C82-FF65-4AC3-B234-DE012E3FD93E}.Debug|x64.Build.0 = Debug|x64
		{9D957C82-FF65-4AC3-B234-DE012E3FD93E}.Debug|x86.ActiveCfg = Debug|Win32
		{9D957C82-FF65-4AC3-B234-DE012E3FD93E}.Debug|x86.Build.0 = Debug|Win32
		{9D957C82-FF65-4AC3-B234-DE012E3FD93E}.Release|x64.ActiveCfg = Release|x64
		{9D957C82-FF65-4AC3-B234-DE012E3FD93E}.Release|x64.Build.0 = Release|x64
		{9D957C82-FF65-4AC3-B234-DE012E3FD93E}.Release|x86.ActiveCfg = Release|Win32
		{9D957C82-FF65-4AC3-B234-DE012E3FD93E}.Release|x86.Build.0 = Release|Win32
		{463FBF9F-5EB4-4673-82FF-D21B2CD34255}.Debug|x64.ActiveCfg = Debug|x64
		{463FBF9F-5EB4-4673-82FF-D21B2CD34255}.Debug|x64.Build.0 = Debug|x64
		{463FBF9F-5EB4-4673-82FF-D21B2CD34255}.Debug|x86.ActiveCfg = Debug|Win32
		{463FBF9F-5EB4-4673-82FF-D21B2CD34255}.Debug|x86.Build.0 = Debug|Win32
		{463FBF9F-5EB4-4673-82FF-D21B2CD34255}.Release|x64.ActiveCfg = Release|x64
		{463FBF9F-5EB4-4673-82FF-D21B2CD34255}.Release|x64.Build.0 = Release|x64
		{463FBF9F-5EB4-4673-82FF-D21B2CD34255}.Release|x86.ActiveCfg = Release|Win32
		{463FBF9F-5EB4-4673-82FF-D21B2CD34255}.Release|x86.Build.0 = Release|Win32
		{3273F6EA-1163-4880-9241-70BCC8F94080}.Debug|x64.ActiveCfg = Debug|x64
		{3273F6EA-1163-4880-9241-70BCC8F94080}.Debug|x64.Build.0 = Debug|x64
		{3273F6EA-1163-4880-9241-70BCC8F94080}.Debug|x86.ActiveCfg = Debug|Win32
		{3273F6EA-1163-4880-9241-70BCC8F94080}.Debug|x86.Build.0 = Debug|Win32
		{3273F6EA-1163-4880-9241-70BCC8F94080}.Release|x64.ActiveCfg = Release|x64
		{3273F6EA-1163-4880-9241-70BCC8F94080}.Release|x64.Build.0 = Release|x64
		{3273F6EA-1163-4880-9241-70BCC8F94080}.Release|x86.ActiveCfg = Release|Win32
		{3273F6EA-1163-4880-9241-70BCC8F94080}.Release|x86.Build.0 = Release|Win32
		{8DE9D9EF-2677-41BE-B6A8-FE8EFD6CE059}.Debug|x64.ActiveCfg = Debug|x64
		{8DE9D9EF-2677-41BE-B6A8-FE8EFD6CE059}.Debug|x64.Build.0 = Debug|x64
		{8DE9D9EF-2677-41BE-B6A8-FE8EFD6CE059}.Debug|x86.ActiveCfg = Debug|Win32
		{8DE9D9EF-2677-41BE-B6A8-FE8EFD6CE059}.Debug|x86.Build.0 = Debug|Win32
		{8DE9D9EF-2677-41BE-B6A8-FE8EFD6CE059}.Release|x64.ActiveCfg = Release|x64
		{8DE9D9EF-2677-41BE-B6A8-FE8EFD6CE059}.Release|x64.Build.0 = Release|x64
		{8DE9D9EF-2677-41BE-B6A8-FE8EFD6CE059}.Release|x86.ActiveCfg = Release|Win32
		{8DE9D9EF-2677-41BE-B6A8-FE8EFD6CE059}.Release|x86.Build.0 = Release|Win32
		{EA99AC59-9FFC-483D-B0E1-0C4EC7820205}.Debug|x64.ActiveCfg = Debug|x64
		{EA99AC59-9FFC-483D-B0E1-0C4EC7820205}.Debug|x64.Build.0 = Debug|x64
		{EA99AC59-9FFC-483D-B0E1-0C4EC7820205}.Debug|x86.ActiveCfg = Debug|Win32
		{EA99AC59-9FFC-483D-B0E1-0C4EC7820205}.Debug|x86.Build.0 = Debug|Win32
		{EA99AC59-9FFC-483D-B0E1-0C4EC7820205}.Release|x64.ActiveCfg = Release|x64
		{EA99AC59-9FFC-483D-B0E1-0C4EC7820205}.Release|x64.Build.0 = Release|x64
		{EA99AC59-9FFC-483D-B0E1-0C4EC7820205}.Release|x86.ActiveCfg = Release|Win32
		{EA99AC59-9FFC-483D-B0E1-0C4EC7820205}.Release|x86.Build.0 = Release|Win32
		{EB89F9EE-3D91-467F-8301-BFE650963FEB}.Debug|x64.ActiveCfg = Debug|x64
		{EB89F9EE-3D91-467F-8301-BFE650963FEB}.Debug|x64.Build.0 = Debug|x64
		{EB89F9EE-3D91-467F-8301-BFE650963FEB}.Debug|x86.ActiveCfg = Debug|Win32
		{EB89F9EE-3D91-467F-8301-BFE650963FEB}.Debug|x86.Build.0 = Debug|Win32
		{EB89F9EE-3D91-467F-8301-BFE650963FEB}.Release|x64.ActiveCfg = Release|x64
		{EB89F9EE-3D91-467F-8301-BFE650963FEB}.Release|x64.Build.0 = Release|x64
		{EB89F9EE-3D91-467F-8301-BFE650963FEB}.Release|x86.ActiveCfg = Release|Win32
		{EB89F9EE-3D91-467F-8301-BFE650963FEB}.Release|x86.Build.0 = Release|Win32
		{BC6AF53E-46A6-418E-A3FB-B0C6FFDFC768}.Debug|x64.ActiveCfg = Debug|x64
		{BC6AF53E-46A6-418E-A3FB-B0C6FFDFC768}.Debug|x64.Build.0 = Debug|x64
		{BC6AF53E-46A6-418E-A3FB-B0C6FFDFC768}.Debug|x86.ActiveCfg = Debug|Win32
		{BC6AF53E-46A6-418E-A3FB-B0C6FFDFC768}.Debug|x86.Build.0 = Debug|Win32
		{BC6AF53E-46A6-418E-A3FB-B0C6FFDFC768}.Release|x64.ActiveCfg = Release|x64
		{BC6AF53E-46A6-418E-A3FB-B0C6FFDFC768}.Release|x64.Build.0 = Release|x64
		{BC6AF53E-46A6-418E-A3FB-B0C6FFDFC768}.Release|x86.ActiveCfg = Release|Win32
		{BC6AF53E-46A6-418E-A3FB-B0C6FFDFC768}.Release|x86.Build.0 = Release|Win32
		{DE1C041F-7CD2-4C7A-B79B-CAD1B4440D94}.Debug|x64.ActiveCfg = Debug|x64
		{DE1C041F-7CD2-4C7A-B79B-CAD1B4440D94}.Debug|x64.Build.0 = Debug|x64
		{DE1C041F-7CD2-4C7A-B79B-CAD1B4440D94}.Debug|x86.ActiveCfg = Debug|Win32
		{DE1C041F-7CD2-4C7A-B79B-CAD1B4440D94}.Debug|x86.Build.0 = Debug|Win32
		{DE1C041F-7CD2-4C7A-B79B-CAD1B4440D94}.Release|x64.ActiveCfg = Release|x64
		{DE1C041F-7CD2-4C7A-B79B-CAD1B4440D94}.Release|x64.Build.0 = Release|x64
		{DE1C041F-7CD2-4C7A-B79B-CAD1B4440D94}.Release|x86.ActiveCfg = Release|Win32
		{DE1C041F-7CD2-4C7A-B79B-CAD1B4440D94}.Release|x86.Build.0 = Release|Win32
		{1DFDE8A9-3FEF-4D49-96F4-438E6CDF7DAE}.Debug|x64.ActiveCfg = Debug|x64
		{1DFDE8A9-3FEF-4D49-96F4-438E6CDF7DAE}.Debug|x64.Build.0 = Debug|x64
		{1DFDE8A9-3FEF-4D49-96F4-438E6CDF7DAE}.Debug|x86.ActiveCfg = Debug|Win32
		{1DFDE8A9-3FEF-4D49-96F4-438E6CDF7DAE}.Debug|x86.Build.0 = Debug|Win32
		{1DFDE8A9-3FEF-4D49-96F4-438E6CDF7DAE}.Release|x64.ActiveCfg = Release|x64
		{1DFDE8A9-3FEF-4D49-96F4-438E6CDF7DAE}.Release|x64.Build.0 = Release|x64
		{1DFDE8A9-3FEF-4D49-96F4-438E6CDF7DAE}.Release|x86.ActiveCfg = Release|Win32
		{1DFDE8A9-3FEF-4D49-96F4-438E6CDF7DAE}.Release|x86.Build.0 = Release|Win32
		{143D4A69-8DE4-455D-8B7D-EB42F58CCEE7}.Debug|x64.ActiveCfg = Debug|x64
		{143D4A69-8DE4-455D-8B7D-EB42F58CCEE7}.Debug|x64.Build.0 = Debug|x64
		{143D4A69-8DE4-455D-8B7D-EB42F58CCEE7}.Debug|x86.ActiveCfg = Debug|Win32
		{143D4A69-8DE4-455D-8B7D-EB42F58CCEE7}.Debug|x86.Build.0 = Debug|Win32
		{143D4A69-8DE4-455D-8B7D-EB42F58CCEE7}.Release|x64.ActiveCfg = Release|x64
		{143D4A69-8DE4-455D-8B7D-EB42F58CCEE7}.Release|x64.Build.0 = Release|x64
		{143D4A69-8DE4-455D-8B7D-EB42F58CCEE7}.Release|x86.ActiveCfg = Release|Win32
		{143D4A69-8DE4-455D-8B7D-EB42F58CCEE7}.Release|x86.Build.0 = Release|Win32
	EndGlobalSection
	GlobalSection(SolutionProperties) = preSolution
		HideSolutionNode = FALSE
	EndGlobalSection
	GlobalSection(ExtensibilityGlobals) = postSolution
		SolutionGuid = {C15E8B3D-E9E4-468E-9735-2D46AE32524D}
	EndGlobalSection
EndGlobal
